
Microsoft Visual Studio Solution File, Format Version 12.00
# Visual Studio Version 17
VisualStudioVersion = 17.14.36127.28 d17.14
MinimumVisualStudioVersion = 10.0.40219.1
Project("{FAE04EC0-301F-11D3-BF4B-00C04F79EFBC}") = "Server", "Server\Server.csproj", "{273FE928-FDD6-4060-9892-573D09554F98}"
EndProject
Project("{FAE04EC0-301F-11D3-BF4B-00C04F79EFBC}") = "Tests", "Tests\Tests.csproj", "{84412D28-421A-41B9-9DD8-32C597F064F4}"
EndProject
Global
	GlobalSection(SolutionConfigurationPlatforms) = preSolution
		Debug|Any CPU = Debug|Any CPU
		Release|Any CPU = Release|Any CPU
	EndGlobalSection
	GlobalSection(ProjectConfigurationPlatforms) = postSolution
		{273FE928-FDD6-4060-9892-573D09554F98}.Debug|Any CPU.ActiveCfg = Debug|Any CPU
		{273FE928-FDD6-4060-9892-573D09554F98}.Debug|Any CPU.Build.0 = Debug|Any CPU
		{273FE928-FDD6-4060-9892-573D09554F98}.Release|Any CPU.ActiveCfg = Release|Any CPU
		{273FE928-FDD6-4060-9892-573D09554F98}.Release|Any CPU.Build.0 = Release|Any CPU
		{84412D28-421A-41B9-9DD8-32C597F064F4}.Debug|Any CPU.ActiveCfg = Debug|Any CPU
		{84412D28-421A-41B9-9DD8-32C597F064F4}.Debug|Any CPU.Build.0 = Debug|Any CPU
		{84412D28-421A-41B9-9DD8-32C597F064F4}.Release|Any CPU.ActiveCfg = Release|Any CPU
		{84412D28-421A-41B9-9DD8-32C597F064F4}.Release|Any CPU.Build.0 = Release|Any CPU
	EndGlobalSection
	GlobalSection(SolutionProperties) = preSolution
		HideSolutionNode = FALSE
	EndGlobalSection
	GlobalSection(ExtensibilityGlobals) = postSolution
		SolutionGuid = {F02F25B6-C098-49D0-B2EC-EC89755960D7}
	EndGlobalSection
EndGlobal
